{
  "name": "react-learning-journey",
  "lockfileVersion": 3,
  "requires": true,
  "packages": {
    "": {
      "dependencies": {
        "@meteocons/lottie": "^0.1.0",
        "@meteocons/svg": "^0.1.0",
        "@meteocons/svg-static": "^0.1.0",
        "@rive-app/react-canvas": "^4.29.4",
        "lottie-react": "^2.4.1",
        "lottie-web": "^5.13.0",
        "react-animated-weather": "^4.0.1"
      }
    },
    "node_modules/@meteocons/lottie": {
      "version": "0.1.0",
      "resolved": "https://registry.npmjs.org/@meteocons/lottie/-/lottie-0.1.0.tgz",
      "integrity": "sha512-VyQ+yJxgmkZDYiRgJ2Elj8Rzbp74f8ZoOQHJxEXO6iOoxLqQLipxbgEqDjrD1K5ox3QnolFZlUg6v1+KpHBv6g==",
      "license": "MIT"
    },
    "node_modules/@meteocons/svg": {
      "version": "0.1.0",
      "resolved": "https://registry.npmjs.org/@meteocons/svg/-/svg-0.1.0.tgz",
      "integrity": "sha512-Z/40RR6YzIjdN8qLUzRcZDaEYHfekU5rnHTH45EDVZQF1NyldIRpiFprcUKduIv4VK0kd6Uy+OOya4NWwuc2Bg==",
      "license": "MIT"
    },
    "node_modules/@meteocons/svg-static": {
      "version": "0.1.0",
      "resolved": "https://registry.npmjs.org/@meteocons/svg-static/-/svg-static-0.1.0.tgz",
      "integrity": "sha512-dnuXOkt1W5q+XZbyj54dzjuBcKmsC0eLv51IVaW9kzzvzwnhwv9KgNXHKgpvmdN6cX2stMo+k95iMFbcyM4x5Q==",
      "license": "MIT"
    },
    "node_modules/@rive-app/canvas": {
      "version": "2.38.4",
      "resolved": "https://registry.npmjs.org/@rive-app/canvas/-/canvas-2.38.4.tgz",
      "integrity": "sha512-exs2Q5Y8liDB0IW7wo0ROZhA6FwddcK1ha+5vlN+ce05eOHjyIBwPWvPsGCGTHvSixInvpFa9Nd6c0Cjo16srQ==",
      "license": "MIT"
    },
    "node_modules/@rive-app/react-canvas": {
      "version": "4.29.4",
      "resolved": "https://registry.npmjs.org/@rive-app/react-canvas/-/react-canvas-4.29.4.tgz",
      "integrity": "sha512-VG6rtiGK55/cfWAlx7Hsoh79ujDdAP7oWsREipoxUSg/hpNwL6eRvnGEzhcxJoWYVtTzIny5C0+fTyVj0A+IYQ==",
      "license": "MIT",
      "dependencies": {
        "@rive-app/canvas": "2.38.4"
      },
      "peerDependencies": {
        "react": "^16.8.0 || ^17.0.0 || ^18.0.0 || ^19.0"
      }
    },
    "node_modules/js-tokens": {
      "version": "4.0.0",
      "resolved": "https://registry.npmjs.org/js-tokens/-/js-tokens-4.0.0.tgz",
      "integrity": "sha512-RdJUflcE3cUzKiMqQgsCu06FPu9UdIJO0beYbPhHN4k6apgJtifcoCtT9bcxOpYBtpD2kCM6Sbzg4CausW/PKQ==",
      "license": "MIT",
      "peer": true
    },
    "node_modules/loose-envify": {
      "version": "1.4.0",
      "resolved": "https://registry.npmjs.org/loose-envify/-/loose-envify-1.4.0.tgz",
      "integrity": "sha512-lyuxPGr/Wfhrlem2CL/UcnUc1zcqKAImBDzukY7Y5F/yQiNdko6+fRLevlw1HgMySw7f611UIY408EtxRSoK3Q==",
      "license": "MIT",
      "peer": true,
      "dependencies": {
        "js-tokens": "^3.0.0 || ^4.0.0"
      },
      "bin": {
        "loose-envify": "cli.js"
      }
    },
    "node_modules/lottie-react": {
      "version": "2.4.1",
      "resolved": "https://registry.npmjs.org/lottie-react/-/lottie-react-2.4.1.tgz",
      "integrity": "sha512-LQrH7jlkigIIv++wIyrOYFLHSKQpEY4zehPicL9bQsrt1rnoKRYCYgpCUe5maqylNtacy58/sQDZTkwMcTRxZw==",
      "license": "MIT",
      "dependencies": {
        "lottie-web": "^5.10.2"
      },
      "peerDependencies": {
        "react": "^16.8.0 || ^17.0.0 || ^18.0.0 || ^19.0.0",
        "react-dom": "^16.8.0 || ^17.0.0 || ^18.0.0 || ^19.0.0"
      }
    },
    "node_modules/lottie-web": {
      "version": "5.13.0",
      "resolved": "https://registry.npmjs.org/lottie-web/-/lottie-web-5.13.0.tgz",
      "integrity": "sha512-+gfBXl6sxXMPe8tKQm7qzLnUy5DUPJPKIyRHwtpCpyUEYjHYRJC/5gjUvdkuO2c3JllrPtHXH5UJJK8LRYl5yQ==",
      "license": "MIT"
    },
    "node_modules/object-assign": {
      "version": "4.1.1",
      "resolved": "https://registry.npmjs.org/object-assign/-/object-assign-4.1.1.tgz",
      "integrity": "sha512-rJgTQnkUnH1sFw8yT6VSU3zD3sWmu6sZhIseY8VX+GRu3P6F7Fu+JNDoXfklElbLJSnc3FUQHVe4cU5hj+BcUg==",
      "license": "MIT",
      "peer": true,
      "engines": {
        "node": ">=0.10.0"
      }
    },
    "node_modules/prop-types": {
      "version": "15.8.1",
      "resolved": "https://registry.npmjs.org/prop-types/-/prop-types-15.8.1.tgz",
      "integrity": "sha512-oj87CgZICdulUohogVAR7AjlC0327U4el4L6eAvOqCeudMDVU0NThNaV+b9Df4dXgSP1gXMTnPdhfe/2qDH5cg==",
      "license": "MIT",
      "peer": true,
      "dependencies": {
        "loose-envify": "^1.4.0",
        "object-assign": "^4.1.1",
        "react-is": "^16.13.1"
      }
    },
    "node_modules/react": {
      "version": "19.2.7",
      "resolved": "https://registry.npmjs.org/react/-/react-19.2.7.tgz",
      "integrity": "sha512-HNe9WslTbXmFK8o8cmwgAeJFSBvt1bPdHCVKtaaV+WlAN36mpT4hcRpwbf3fY56ar2oIXzsBpOAiIRHAdY0OlQ==",
      "license": "MIT",
      "peer": true,
      "engines": {
        "node": ">=0.10.0"
      }
    },
    "node_modules/react-animated-weather": {
      "version": "4.0.1",
      "resolved": "https://registry.npmjs.org/react-animated-weather/-/react-animated-weather-4.0.1.tgz",
      "integrity": "sha512-ipEa3yW3rld1UAHAmm7Bltn5BOH3O2B491R0ws51kwFtqQ6fc5KWUiBQ0e4sO/XjoeqCkAN/Y98lWx1qZMR84g==",
      "license": "MIT",
      "peerDependencies": {
        "prop-types": "*",
        "react": "*",
        "react-dom": "*"
      }
    },
    "node_modules/react-dom": {
      "version": "19.2.7",
      "resolved": "https://registry.npmjs.org/react-dom/-/react-dom-19.2.7.tgz",
      "integrity": "sha512-t0BRVXvbiE/o20Hfw669rLbMCDWtYZLvmJigy2f0MxsXF+71pxhR3xOkspmsO8h3ZlNzyibAmtCa3l4lYKk6gQ==",
      "license": "MIT",
      "peer": true,
      "dependencies": {
        "scheduler": "^0.27.0"
      },
      "peerDependencies": {
        "react": "^19.2.7"
      }
    },
    "node_modules/react-is": {
      "version": "16.13.1",
      "resolved": "https://registry.npmjs.org/react-is/-/react-is-16.13.1.tgz",
      "integrity": "sha512-24e6ynE2H+OKt4kqsOvNd8kBpV65zoxbA4BVsEOB3ARVWQki/DHzaUoC5KuON/BiccDaCCTZBuOcfZs70kR8bQ==",
      "license": "MIT",
      "peer": true
    },
    "node_modules/scheduler": {
      "version": "0.27.0",
      "resolved": "https://registry.npmjs.org/scheduler/-/scheduler-0.27.0.tgz",
      "integrity": "sha512-eNv+WrVbKu1f3vbYJT/xtiF5syA5HPIMtf9IgY/nKg0sWqzAUEvqY/xm7OcZc/qafLx/iO9FgOmeSAp4v5ti/Q==",
      "license": "MIT",
      "peer": true
    }
  }
}
